
Microsoft Visual Studio Solution File, Format Version 12.00
# Visual Studio Version 16
VisualStudioVersion = 16.0.31605.320
MinimumVisualStudioVersion = 10.0.40219.1
Project("{9A19103F-16F7-4668-BE54-9A1E7A4F7556}") = "AuthenticationAPI", "AuthenticationAPI\AuthenticationAPI.csproj", "{E9EF0D03-61F7-43FF-BEEF-A35AEB3AF653}"
EndProject
Project("{9A19103F-16F7-4668-BE54-9A1E7A4F7556}") = "DashboardAPI", "DashboardAPI\DashboardAPI.csproj", "{26C31D61-6548-4EB9-B1FC-236168E632CA}"
EndProject
Project("{9A19103F-16F7-4668-BE54-9A1E7A4F7556}") = "DeviceAPI", "DeviceAPI\DeviceAPI.csproj", "{959BE96E-DE87-44DF-883C-EE556B03F1D5}"
EndProject
Project("{9A19103F-16F7-4668-BE54-9A1E7A4F7556}") = "ShareLibrary", "ShareLibrary\ShareLibrary.csproj", "{254D562B-1608-48BC-ABDB-BF31B0E7BDD4}"
EndProject
Project("{FAE04EC0-301F-11D3-BF4B-00C04F79EFBC}") = "DyDataGenerator", "DyDataGenerator\DyDataGenerator.csproj", "{63487B93-EA74-4C02-ACA5-55289FD986F1}"
EndProject
Project("{9A19103F-16F7-4668-BE54-9A1E7A4F7556}") = "iChamberAPI", "..\Project_iChamber\WebService\iChamberAPI\iChamberAPI.csproj", "{E026F1AB-F8E5-4F2F-B62A-CE7DC0DCDBDD}"
EndProject
Project("{9A19103F-16F7-4668-BE54-9A1E7A4F7556}") = "ShareLibraryTester", "ShareLibraryTester\ShareLibraryTester.csproj", "{30D97EF4-6187-4347-BD40-B0E2731FA2BF}"
EndProject
Project("{2150E333-8FDC-42A3-9474-1A3956D46DE8}") = "DashboardAPI.Tests", "DashboardAPI.Tests", "{4E0F0677-1D16-4AAD-A12C-65D9B5235322}"
EndProject
Project("{9A19103F-16F7-4668-BE54-9A1E7A4F7556}") = "DashboardAPI.Tests", "DashboardAPI.Tests\DashboardAPI.Tests.csproj", "{2DFDD0B6-90A8-4AAF-9AE2-A16B8D49F683}"
EndProject
Project("{2150E333-8FDC-42A3-9474-1A3956D46DE8}") = "DeviceAPI.Tests", "DeviceAPI.Tests", "{590CAE0F-A734-4D55-8354-AD4F61C8F460}"
EndProject
Project("{9A19103F-16F7-4668-BE54-9A1E7A4F7556}") = "DeviceAPI.Tests", "DeviceAPI.Tests\DeviceAPI.Tests.csproj", "{26DA044E-5827-4B23-86FE-C344485B8365}"
EndProject
Project("{2150E333-8FDC-42A3-9474-1A3956D46DE8}") = "AuthenticationAPI.Tests", "AuthenticationAPI.Tests", "{09E686DA-76B0-42AF-AD7F-2898709BFBFE}"
EndProject
Project("{9A19103F-16F7-4668-BE54-9A1E7A4F7556}") = "AuthenticationAPI.Tests", "AuthenticationAPI.Tests\AuthenticationAPI.Tests.csproj", "{6FF89EDB-B37E-4AAE-8838-B4CCD8EDF339}"
EndProject
Project("{9A19103F-16F7-4668-BE54-9A1E7A4F7556}") = "DBChecker", "DBChecker\DBChecker.csproj", "{05FA6C14-AC4F-4446-BE47-D45CFC8670EC}"
EndProject
Project("{9A19103F-16F7-4668-BE54-9A1E7A4F7556}") = "MockDataCreate", "MockDataGenerator\MockDataCreate.csproj", "{0D31FE76-4A5E-4F77-9BA2-86B0144B6507}"
EndProject
Global
	GlobalSection(SolutionConfigurationPlatforms) = preSolution
		Debug|Any CPU = Debug|Any CPU
		DEMO|Any CPU = DEMO|Any CPU
		DFI_Release|Any CPU = DFI_Release|Any CPU
		Release|Any CPU = Release|Any CPU
	EndGlobalSection
	GlobalSection(ProjectConfigurationPlatforms) = postSolution
		{E9EF0D03-61F7-43FF-BEEF-A35AEB3AF653}.Debug|Any CPU.ActiveCfg = Debug|Any CPU
		{E9EF0D03-61F7-43FF-BEEF-A35AEB3AF653}.Debug|Any CPU.Build.0 = Debug|Any CPU
		{E9EF0D03-61F7-43FF-BEEF-A35AEB3AF653}.DEMO|Any CPU.ActiveCfg = Debug|Any CPU
		{E9EF0D03-61F7-43FF-BEEF-A35AEB3AF653}.DEMO|Any CPU.Build.0 = Debug|Any CPU
		{E9EF0D03-61F7-43FF-BEEF-A35AEB3AF653}.DFI_Release|Any CPU.ActiveCfg = Release|Any CPU
		{E9EF0D03-61F7-43FF-BEEF-A35AEB3AF653}.DFI_Release|Any CPU.Build.0 = Release|Any CPU
		{E9EF0D03-61F7-43FF-BEEF-A35AEB3AF653}.Release|Any CPU.ActiveCfg = Release|Any CPU
		{E9EF0D03-61F7-43FF-BEEF-A35AEB3AF653}.Release|Any CPU.Build.0 = Release|Any CPU
		{26C31D61-6548-4EB9-B1FC-236168E632CA}.Debug|Any CPU.ActiveCfg = Debug|Any CPU
		{26C31D61-6548-4EB9-B1FC-236168E632CA}.Debug|Any CPU.Build.0 = Debug|Any CPU
		{26C31D61-6548-4EB9-B1FC-236168E632CA}.DEMO|Any CPU.ActiveCfg = Debug|Any CPU
		{26C31D61-6548-4EB9-B1FC-236168E632CA}.DEMO|Any CPU.Build.0 = Debug|Any CPU
		{26C31D61-6548-4EB9-B1FC-236168E632CA}.DFI_Release|Any CPU.ActiveCfg = Release|Any CPU
		{26C31D61-6548-4EB9-B1FC-236168E632CA}.DFI_Release|Any CPU.Build.0 = Release|Any CPU
		{26C31D61-6548-4EB9-B1FC-236168E632CA}.Release|Any CPU.ActiveCfg = Release|Any CPU
		{26C31D61-6548-4EB9-B1FC-236168E632CA}.Release|Any CPU.Build.0 = Release|Any CPU
		{959BE96E-DE87-44DF-883C-EE556B03F1D5}.Debug|Any CPU.ActiveCfg = Debug|Any CPU
		{959BE96E-DE87-44DF-883C-EE556B03F1D5}.Debug|Any CPU.Build.0 = Debug|Any CPU
		{959BE96E-DE87-44DF-883C-EE556B03F1D5}.DEMO|Any CPU.ActiveCfg = Debug|Any CPU
		{959BE96E-DE87-44DF-883C-EE556B03F1D5}.DEMO|Any CPU.Build.0 = Debug|Any CPU
		{959BE96E-DE87-44DF-883C-EE556B03F1D5}.DFI_Release|Any CPU.ActiveCfg = Release|Any CPU
		{959BE96E-DE87-44DF-883C-EE556B03F1D5}.DFI_Release|Any CPU.Build.0 = Release|Any CPU
		{959BE96E-DE87-44DF-883C-EE556B03F1D5}.Release|Any CPU.ActiveCfg = Release|Any CPU
		{959BE96E-DE87-44DF-883C-EE556B03F1D5}.Release|Any CPU.Build.0 = Release|Any CPU
		{254D562B-1608-48BC-ABDB-BF31B0E7BDD4}.Debug|Any CPU.ActiveCfg = Debug|Any CPU
		{254D562B-1608-48BC-ABDB-BF31B0E7BDD4}.Debug|Any CPU.Build.0 = Debug|Any CPU
		{254D562B-1608-48BC-ABDB-BF31B0E7BDD4}.DEMO|Any CPU.ActiveCfg = Debug|Any CPU
		{254D562B-1608-48BC-ABDB-BF31B0E7BDD4}.DEMO|Any CPU.Build.0 = Debug|Any CPU
		{254D562B-1608-48BC-ABDB-BF31B0E7BDD4}.DFI_Release|Any CPU.ActiveCfg = DFI_Release|Any CPU
		{254D562B-1608-48BC-ABDB-BF31B0E7BDD4}.DFI_Release|Any CPU.Build.0 = DFI_Release|Any CPU
		{254D562B-1608-48BC-ABDB-BF31B0E7BDD4}.Release|Any CPU.ActiveCfg = Release|Any CPU
		{254D562B-1608-48BC-ABDB-BF31B0E7BDD4}.Release|Any CPU.Build.0 = Release|Any CPU
		{63487B93-EA74-4C02-ACA5-55289FD986F1}.Debug|Any CPU.ActiveCfg = Debug|Any CPU
		{63487B93-EA74-4C02-ACA5-55289FD986F1}.Debug|Any CPU.Build.0 = Debug|Any CPU
		{63487B93-EA74-4C02-ACA5-55289FD986F1}.DEMO|Any CPU.ActiveCfg = DEMO|Any CPU
		{63487B93-EA74-4C02-ACA5-55289FD986F1}.DEMO|Any CPU.Build.0 = DEMO|Any CPU
		{63487B93-EA74-4C02-ACA5-55289FD986F1}.DFI_Release|Any CPU.ActiveCfg = Release|Any CPU
		{63487B93-EA74-4C02-ACA5-55289FD986F1}.Release|Any CPU.ActiveCfg = Release|Any CPU
		{63487B93-EA74-4C02-ACA5-55289FD986F1}.Release|Any CPU.Build.0 = Release|Any CPU
		{E026F1AB-F8E5-4F2F-B62A-CE7DC0DCDBDD}.Debug|Any CPU.ActiveCfg = Debug|Any CPU
		{E026F1AB-F8E5-4F2F-B62A-CE7DC0DCDBDD}.Debug|Any CPU.Build.0 = Debug|Any CPU
		{E026F1AB-F8E5-4F2F-B62A-CE7DC0DCDBDD}.DEMO|Any CPU.ActiveCfg = Debug|Any CPU
		{E026F1AB-F8E5-4F2F-B62A-CE7DC0DCDBDD}.DFI_Release|Any CPU.ActiveCfg = Release|Any CPU
		{E026F1AB-F8E5-4F2F-B62A-CE7DC0DCDBDD}.Release|Any CPU.ActiveCfg = Release|Any CPU
		{E026F1AB-F8E5-4F2F-B62A-CE7DC0DCDBDD}.Release|Any CPU.Build.0 = Release|Any CPU
		{30D97EF4-6187-4347-BD40-B0E2731FA2BF}.Debug|Any CPU.ActiveCfg = Debug|Any CPU
		{30D97EF4-6187-4347-BD40-B0E2731FA2BF}.Debug|Any CPU.Build.0 = Debug|Any CPU
		{30D97EF4-6187-4347-BD40-B0E2731FA2BF}.DEMO|Any CPU.ActiveCfg = Debug|Any CPU
		{30D97EF4-6187-4347-BD40-B0E2731FA2BF}.DEMO|Any CPU.Build.0 = Debug|Any CPU
		{30D97EF4-6187-4347-BD40-B0E2731FA2BF}.DFI_Release|Any CPU.ActiveCfg = Release|Any CPU
		{30D97EF4-6187-4347-BD40-B0E2731FA2BF}.DFI_Release|Any CPU.Build.0 = Release|Any CPU
		{30D97EF4-6187-4347-BD40-B0E2731FA2BF}.Release|Any CPU.ActiveCfg = Release|Any CPU
		{30D97EF4-6187-4347-BD40-B0E2731FA2BF}.Release|Any CPU.Build.0 = Release|Any CPU
		{2DFDD0B6-90A8-4AAF-9AE2-A16B8D49F683}.Debug|Any CPU.ActiveCfg = Debug|Any CPU
		{2DFDD0B6-90A8-4AAF-9AE2-A16B8D49F683}.Debug|Any CPU.Build.0 = Debug|Any CPU
		{2DFDD0B6-90A8-4AAF-9AE2-A16B8D49F683}.DEMO|Any CPU.ActiveCfg = Debug|Any CPU
		{2DFDD0B6-90A8-4AAF-9AE2-A16B8D49F683}.DEMO|Any CPU.Build.0 = Debug|Any CPU
		{2DFDD0B6-90A8-4AAF-9AE2-A16B8D49F683}.DFI_Release|Any CPU.ActiveCfg = Release|Any CPU
		{2DFDD0B6-90A8-4AAF-9AE2-A16B8D49F683}.DFI_Release|Any CPU.Build.0 = Release|Any CPU
		{2DFDD0B6-90A8-4AAF-9AE2-A16B8D49F683}.Release|Any CPU.ActiveCfg = Release|Any CPU
		{2DFDD0B6-90A8-4AAF-9AE2-A16B8D49F683}.Release|Any CPU.Build.0 = Release|Any CPU
		{26DA044E-5827-4B23-86FE-C344485B8365}.Debug|Any CPU.ActiveCfg = Debug|Any CPU
		{26DA044E-5827-4B23-86FE-C344485B8365}.Debug|Any CPU.Build.0 = Debug|Any CPU
		{26DA044E-5827-4B23-86FE-C344485B8365}.DEMO|Any CPU.ActiveCfg = Debug|Any CPU
		{26DA044E-5827-4B23-86FE-C344485B8365}.DEMO|Any CPU.Build.0 = Debug|Any CPU
		{26DA044E-5827-4B23-86FE-C344485B8365}.DFI_Release|Any CPU.ActiveCfg = Release|Any CPU
		{26DA044E-5827-4B23-86FE-C344485B8365}.DFI_Release|Any CPU.Build.0 = Release|Any CPU
		{26DA044E-5827-4B23-86FE-C344485B8365}.Release|Any CPU.ActiveCfg = Release|Any CPU
		{26DA044E-5827-4B23-86FE-C344485B8365}.Release|Any CPU.Build.0 = Release|Any CPU
		{6FF89EDB-B37E-4AAE-8838-B4CCD8EDF339}.Debug|Any CPU.ActiveCfg = Debug|Any CPU
		{6FF89EDB-B37E-4AAE-8838-B4CCD8EDF339}.Debug|Any CPU.Build.0 = Debug|Any CPU
		{6FF89EDB-B37E-4AAE-8838-B4CCD8EDF339}.DEMO|Any CPU.ActiveCfg = Debug|Any CPU
		{6FF89EDB-B37E-4AAE-8838-B4CCD8EDF339}.DEMO|Any CPU.Build.0 = Debug|Any CPU
		{6FF89EDB-B37E-4AAE-8838-B4CCD8EDF339}.DFI_Release|Any CPU.ActiveCfg = Release|Any CPU
		{6FF89EDB-B37E-4AAE-8838-B4CCD8EDF339}.DFI_Release|Any CPU.Build.0 = Release|Any CPU
		{6FF89EDB-B37E-4AAE-8838-B4CCD8EDF339}.Release|Any CPU.ActiveCfg = Release|Any CPU
		{6FF89EDB-B37E-4AAE-8838-B4CCD8EDF339}.Release|Any CPU.Build.0 = Release|Any CPU
		{05FA6C14-AC4F-4446-BE47-D45CFC8670EC}.Debug|Any CPU.ActiveCfg = Debug|Any CPU
		{05FA6C14-AC4F-4446-BE47-D45CFC8670EC}.Debug|Any CPU.Build.0 = Debug|Any CPU
		{05FA6C14-AC4F-4446-BE47-D45CFC8670EC}.DEMO|Any CPU.ActiveCfg = Debug|Any CPU
		{05FA6C14-AC4F-4446-BE47-D45CFC8670EC}.DEMO|Any CPU.Build.0 = Debug|Any CPU
		{05FA6C14-AC4F-4446-BE47-D45CFC8670EC}.DFI_Release|Any CPU.ActiveCfg = DFI_Release|Any CPU
		{05FA6C14-AC4F-4446-BE47-D45CFC8670EC}.Release|Any CPU.ActiveCfg = Release|Any CPU
		{05FA6C14-AC4F-4446-BE47-D45CFC8670EC}.Release|Any CPU.Build.0 = Release|Any CPU
		{0D31FE76-4A5E-4F77-9BA2-86B0144B6507}.Debug|Any CPU.ActiveCfg = Debug|Any CPU
		{0D31FE76-4A5E-4F77-9BA2-86B0144B6507}.Debug|Any CPU.Build.0 = Debug|Any CPU
		{0D31FE76-4A5E-4F77-9BA2-86B0144B6507}.DEMO|Any CPU.ActiveCfg = Debug|Any CPU
		{0D31FE76-4A5E-4F77-9BA2-86B0144B6507}.DEMO|Any CPU.Build.0 = Debug|Any CPU
		{0D31FE76-4A5E-4F77-9BA2-86B0144B6507}.DFI_Release|Any CPU.ActiveCfg = Release|Any CPU
		{0D31FE76-4A5E-4F77-9BA2-86B0144B6507}.DFI_Release|Any CPU.Build.0 = Release|Any CPU
		{0D31FE76-4A5E-4F77-9BA2-86B0144B6507}.Release|Any CPU.ActiveCfg = Release|Any CPU
		{0D31FE76-4A5E-4F77-9BA2-86B0144B6507}.Release|Any CPU.Build.0 = Release|Any CPU
	EndGlobalSection
	GlobalSection(SolutionProperties) = preSolution
		HideSolutionNode = FALSE
	EndGlobalSection
	GlobalSection(NestedProjects) = preSolution
		{2DFDD0B6-90A8-4AAF-9AE2-A16B8D49F683} = {4E0F0677-1D16-4AAD-A12C-65D9B5235322}
		{26DA044E-5827-4B23-86FE-C344485B8365} = {590CAE0F-A734-4D55-8354-AD4F61C8F460}
		{6FF89EDB-B37E-4AAE-8838-B4CCD8EDF339} = {09E686DA-76B0-42AF-AD7F-2898709BFBFE}
	EndGlobalSection
	GlobalSection(ExtensibilityGlobals) = postSolution
		SolutionGuid = {854D4D53-0D09-4102-BAD3-81D8A67E4073}
	EndGlobalSection
EndGlobal
